// !$*UTF8*$!
{
	archiveVersion = 1;
	classes = {
	};
	objectVersion = 46;
	objects = {

/* Begin PBXBuildFile section */
		222077111703299800C1FEDD /* UIKit.framework in Frameworks */ = {isa = PBXBuildFile; fileRef = 222077101703299800C1FEDD /* UIKit.framework */; };
		222077131703299800C1FEDD /* Foundation.framework in Frameworks */ = {isa = PBXBuildFile; fileRef = 222077121703299800C1FEDD /* Foundation.framework */; };
		222077151703299800C1FEDD /* CoreGraphics.framework in Frameworks */ = {isa = PBXBuildFile; fileRef = 222077141703299800C1FEDD /* CoreGraphics.framework */; };
		2220771B1703299800C1FEDD /* InfoPlist.strings in Resources */ = {isa = PBXBuildFile; fileRef = 222077191703299800C1FEDD /* InfoPlist.strings */; };
		2220771D1703299800C1FEDD /* main.m in Sources */ = {isa = PBXBuildFile; fileRef = 2220771C1703299800C1FEDD /* main.m */; };
		222077211703299800C1FEDD /* SHAppDelegate.m in Sources */ = {isa = PBXBuildFile; fileRef = 222077201703299800C1FEDD /* SHAppDelegate.m */; };
		222077231703299800C1FEDD /* Default.png in Resources */ = {isa = PBXBuildFile; fileRef = 222077221703299800C1FEDD /* Default.png */; };
		222077251703299800C1FEDD /* Default@2x.png in Resources */ = {isa = PBXBuildFile; fileRef = 222077241703299800C1FEDD /* Default@2x.png */; };
		222077271703299800C1FEDD /* Default-568h@2x.png in Resources */ = {isa = PBXBuildFile; fileRef = 222077261703299800C1FEDD /* Default-568h@2x.png */; };
		2220772A1703299800C1FEDD /* MainStoryboard.storyboard in Resources */ = {isa = PBXBuildFile; fileRef = 222077281703299800C1FEDD /* MainStoryboard.storyboard */; };
		2220772D1703299800C1FEDD /* SHViewController.m in Sources */ = {isa = PBXBuildFile; fileRef = 2220772C1703299800C1FEDD /* SHViewController.m */; };
		7343BF82E33C4671B677F6D6 /* libPods.a in Frameworks */ = {isa = PBXBuildFile; fileRef = 9CC4504784B046F985C9CC12 /* libPods.a */; };
/* End PBXBuildFile section */

/* Begin PBXFileReference section */
		2220770D1703299800C1FEDD /* SHOmniAuthTwitterExample.app */ = {isa = PBXFileReference; explicitFileType = wrapper.application; includeInIndex = 0; path = SHOmniAuthTwitterExample.app; sourceTree = BUILT_PRODUCTS_DIR; };
		222077101703299800C1FEDD /* UIKit.framework */ = {isa = PBXFileReference; lastKnownFileType = wrapper.framework; name = UIKit.framework; path = System/Library/Frameworks/UIKit.framework; sourceTree = SDKROOT; };
		222077121703299800C1FEDD /* Foundation.framework */ = {isa = PBXFileReference; lastKnownFileType = wrapper.framework; name = Foundation.framework; path = System/Library/Frameworks/Foundation.framework; sourceTree = SDKROOT; };
		222077141703299800C1FEDD /* CoreGraphics.framework */ = {isa = PBXFileReference; lastKnownFileType = wrapper.framework; name = CoreGraphics.framework; path = System/Library/Frameworks/CoreGraphics.framework; sourceTree = SDKROOT; };
		222077181703299800C1FEDD /* SHOmniAuthTwitterExample-Info.plist */ = {isa = PBXFileReference; lastKnownFileType = text.plist.xml; path = "SHOmniAuthTwitterExample-Info.plist"; sourceTree = "<group>"; };
		2220771A1703299800C1FEDD /* en */ = {isa = PBXFileReference; lastKnownFileType = text.plist.strings; name = en; path = en.lproj/InfoPlist.strings; sourceTree = "<group>"; };
		2220771C1703299800C1FEDD /* main.m */ = {isa = PBXFileReference; lastKnownFileType = sourcecode.c.objc; path = main.m; sourceTree = "<group>"; };
		2220771E1703299800C1FEDD /* SHOmniAuthTwitterExample-Prefix.pch */ = {isa = PBXFileReference; lastKnownFileType = sourcecode.c.h; path = "SHOmniAuthTwitterExample-Prefix.pch"; sourceTree = "<group>"; };
		2220771F1703299800C1FEDD /* SHAppDelegate.h */ = {isa = PBXFileReference; lastKnownFileType = sourcecode.c.h; path = SHAppDelegate.h; sourceTree = "<group>"; };
		222077201703299800C1FEDD /* SHAppDelegate.m */ = {isa = PBXFileReference; lastKnownFileType = sourcecode.c.objc; path = SHAppDelegate.m; sourceTree = "<group>"; };
		222077221703299800C1FEDD /* Default.png */ = {isa = PBXFileReference; lastKnownFileType = image.png; path = Default.png; sourceTree = "<group>"; };
		222077241703299800C1FEDD /* Default@2x.png */ = {isa = PBXFileReference; lastKnownFileType = image.png; path = "Default@2x.png"; sourceTree = "<group>"; };
		222077261703299800C1FEDD /* Default-568h@2x.png */ = {isa = PBXFileReference; lastKnownFileType = image.png; path = "Default-568h@2x.png"; sourceTree = "<group>"; };
		222077291703299800C1FEDD /* en */ = {isa = PBXFileReference; lastKnownFileType = file.storyboard; name = en; path = en.lproj/MainStoryboard.storyboard; sourceTree = "<group>"; };
		2220772B1703299800C1FEDD /* SHViewController.h */ = {isa = PBXFileReference; lastKnownFileType = sourcecode.c.h; path = SHViewController.h; sourceTree = "<group>"; };
		2220772C1703299800C1FEDD /* SHViewController.m */ = {isa = PBXFileReference; lastKnownFileType = sourcecode.c.objc; path = SHViewController.m; sourceTree = "<group>"; };
		9CC4504784B046F985C9CC12 /* libPods.a */ = {isa = PBXFileReference; explicitFileType = archive.ar; includeInIndex = 0; path = libPods.a; sourceTree = BUILT_PRODUCTS_DIR; };
		FA20BA16FCB24978A6E8AC25 /* Pods.xcconfig */ = {isa = PBXFileReference; includeInIndex = 1; lastKnownFileType = text.xcconfig; name = Pods.xcconfig; path = Pods/Pods.xcconfig; sourceTree = SOURCE_ROOT; };
/* End PBXFileReference section */

/* Begin PBXFrameworksBuildPhase section */
		2220770A1703299800C1FEDD /* Frameworks */ = {
			isa = PBXFrameworksBuildPhase;
			buildActionMask = 2147483647;
			files = (
				222077111703299800C1FEDD /* UIKit.framework in Frameworks */,
				222077131703299800C1FEDD /* Foundation.framework in Frameworks */,
				222077151703299800C1FEDD /* CoreGraphics.framework in Frameworks */,
				7343BF82E33C4671B677F6D6 /* libPods.a in Frameworks */,
			);
			runOnlyForDeploymentPostprocessing = 0;
		};
/* End PBXFrameworksBuildPhase section */

/* Begin PBXGroup section */
		222077041703299800C1FEDD = {
			isa = PBXGroup;
			children = (
				222077161703299800C1FEDD /* SHOmniAuthTwitterExample */,
				2220770F1703299800C1FEDD /* Frameworks */,
				2220770E1703299800C1FEDD /* Products */,
				FA20BA16FCB24978A6E8AC25 /* Pods.xcconfig */,
			);
			sourceTree = "<group>";
		};
		2220770E1703299800C1FEDD /* Products */ = {
			isa = PBXGroup;
			children = (
				2220770D1703299800C1FEDD /* SHOmniAuthTwitterExample.app */,
			);
			name = Products;
			sourceTree = "<group>";
		};
		2220770F1703299800C1FEDD /* Frameworks */ = {
			isa = PBXGroup;
			children = (
				222077101703299800C1FEDD /* UIKit.framework */,
				222077121703299800C1FEDD /* Foundation.framework */,
				222077141703299800C1FEDD /* CoreGraphics.framework */,
				9CC4504784B046F985C9CC12 /* libPods.a */,
			);
			name = Frameworks;
			sourceTree = "<group>";
		};
		222077161703299800C1FEDD /* SHOmniAuthTwitterExample */ = {
			isa = PBXGroup;
			children = (
				2220771F1703299800C1FEDD /* SHAppDelegate.h */,
				222077201703299800C1FEDD /* SHAppDelegate.m */,
				222077281703299800C1FEDD /* MainStoryboard.storyboard */,
				2220772B1703299800C1FEDD /* SHViewController.h */,
				2220772C1703299800C1FEDD /* SHViewController.m */,
				222077171703299800C1FEDD /* Supporting Files */,
			);
			path = SHOmniAuthTwitterExample;
			sourceTree = "<group>";
		};
		222077171703299800C1FEDD /* Supporting Files */ = {
			isa = PBXGroup;
			children = (
				222077181703299800C1FEDD /* SHOmniAuthTwitterExample-Info.plist */,
				222077191703299800C1FEDD /* InfoPlist.strings */,
				2220771C1703299800C1FEDD /* main.m */,
				2220771E1703299800C1FEDD /* SHOmniAuthTwitterExample-Prefix.pch */,
				222077221703299800C1FEDD /* Default.png */,
				222077241703299800C1FEDD /* Default@2x.png */,
				222077261703299800C1FEDD /* Default-568h@2x.png */,
			);
			name = "Supporting Files";
			sourceTree = "<group>";
		};
/* End PBXGroup section */

/* Begin PBXNativeTarget section */
		2220770C1703299800C1FEDD /* SHOmniAuthTwitterExample */ = {
			isa = PBXNativeTarget;
			buildConfigurationList = 222077301703299800C1FEDD /* Build configuration list for PBXNativeTarget "SHOmniAuthTwitterExample" */;
			buildPhases = (
				222077091703299800C1FEDD /* Sources */,
				2220770A1703299800C1FEDD /* Frameworks */,
				2220770B1703299800C1FEDD /* Resources */,
				7B20865F401243A49981A0DB /* Copy Pods Resources */,
			);
			buildRules = (
			);
			dependencies = (
			);
			name = SHOmniAuthTwitterExample;
			productName = SHOmniAuthTwitterExample;
			productReference = 2220770D1703299800C1FEDD /* SHOmniAuthTwitterExample.app */;
			productType = "com.apple.product-type.application";
		};
/* End PBXNativeTarget section */

/* Begin PBXProject section */
		222077051703299800C1FEDD /* Project object */ = {
			isa = PBXProject;
			attributes = {
				CLASSPREFIX = SH;
				LastUpgradeCheck = 0460;
				ORGANIZATIONNAME = "Seivan Heidari";
			};
			buildConfigurationList = 222077081703299800C1FEDD /* Build configuration list for PBXProject "SHOmniAuthTwitterExample" */;
			compatibilityVersion = "Xcode 3.2";
			developmentRegion = English;
			hasScannedForEncodings = 0;
			knownRegions = (
				en,
			);
			mainGroup = 222077041703299800C1FEDD;
			productRefGroup = 2220770E1703299800C1FEDD /* Products */;
			projectDirPath = "";
			projectRoot = "";
			targets = (
				2220770C1703299800C1FEDD /* SHOmniAuthTwitterExample */,
			);
		};
/* End PBXProject section */

/* Begin PBXResourcesBuildPhase section */
		2220770B1703299800C1FEDD /* Resources */ = {
			isa = PBXResourcesBuildPhase;
			buildActionMask = 2147483647;
			files = (
				2220771B1703299800C1FEDD /* InfoPlist.strings in Resources */,
				222077231703299800C1FEDD /* Default.png in Resources */,
				222077251703299800C1FEDD /* Default@2x.png in Resources */,
				222077271703299800C1FEDD /* Default-568h@2x.png in Resources */,
				2220772A1703299800C1FEDD /* MainStoryboard.storyboard in Resources */,
			);
			runOnlyForDeploymentPostprocessing = 0;
		};
/* End PBXResourcesBuildPhase section */

/* Begin PBXShellScriptBuildPhase section */
		7B20865F401243A49981A0DB /* Copy Pods Resources */ = {
			isa = PBXShellScriptBuildPhase;
			buildActionMask = 2147483647;
			files = (
			);
			inputPaths = (
			);
			name = "Copy Pods Resources";
			outputPaths = (
			);
			runOnlyForDeploymentPostprocessing = 0;
			shellPath = /bin/sh;
			shellScript = "\"${SRCROOT}/Pods/Pods-resources.sh\"\n";
		};
/* End PBXShellScriptBuildPhase section */

/* Begin PBXSourcesBuildPhase section */
		222077091703299800C1FEDD /* Sources */ = {
			isa = PBXSourcesBuildPhase;
			buildActionMask = 2147483647;
			files = (
				2220771D1703299800C1FEDD /* main.m in Sources */,
				222077211703299800C1FEDD /* SHAppDelegate.m in Sources */,
				2220772D1703299800C1FEDD /* SHViewController.m in Sources */,
			);
			runOnlyForDeploymentPostprocessing = 0;
		};
/* End PBXSourcesBuildPhase section */

/* Begin PBXVariantGroup section */
		222077191703299800C1FEDD /* InfoPlist.strings */ = {
			isa = PBXVariantGroup;
			children = (
				2220771A1703299800C1FEDD /* en */,
			);
			name = InfoPlist.strings;
			sourceTree = "<group>";
		};
		222077281703299800C1FEDD /* MainStoryboard.storyboard */ = {
			isa = PBXVariantGroup;
			children = (
				222077291703299800C1FEDD /* en */,
			);
			name = MainStoryboard.storyboard;
			sourceTree = "<group>";
		};
/* End PBXVariantGroup section */

/* Begin XCBuildConfiguration section */
		2220772E1703299800C1FEDD /* Debug */ = {
			isa = XCBuildConfiguration;
			buildSettings = {
				ALWAYS_SEARCH_USER_PATHS = NO;
				CLANG_CXX_LANGUAGE_STANDARD = "gnu++0x";
				CLANG_CXX_LIBRARY = "libc++";
				CLANG_ENABLE_OBJC_ARC = YES;
				CLANG_WARN_CONSTANT_CONVERSION = YES;
				CLANG_WARN_EMPTY_BODY = YES;
				CLANG_WARN_ENUM_CONVERSION = YES;
				CLANG_WARN_INT_CONVERSION = YES;
				CLANG_WARN__DUPLICATE_METHOD_MATCH = YES;
				"CODE_SIGN_IDENTITY[sdk=iphoneos*]" = "iPhone Developer";
				COPY_PHASE_STRIP = NO;
				GCC_C_LANGUAGE_STANDARD = gnu99;
				GCC_DYNAMIC_NO_PIC = NO;
				GCC_OPTIMIZATION_LEVEL = 0;
				GCC_PREPROCESSOR_DEFINITIONS = (
					"DEBUG=1",
					"$(inherited)",
				);
				GCC_SYMBOLS_PRIVATE_EXTERN = NO;
				GCC_WARN_ABOUT_RETURN_TYPE = YES;
				GCC_WARN_UNINITIALIZED_AUTOS = YES;
				GCC_WARN_UNUSED_VARIABLE = YES;
				IPHONEOS_DEPLOYMENT_TARGET = 6.1;
				ONLY_ACTIVE_ARCH = YES;
				SDKROOT = iphoneos;
			};
			name = Debug;
		};
		2220772F1703299800C1FEDD /* Release */ = {
			isa = XCBuildConfiguration;
			buildSettings = {
				ALWAYS_SEARCH_USER_PATHS = NO;
				CLANG_CXX_LANGUAGE_STANDARD = "gnu++0x";
				CLANG_CXX_LIBRARY = "libc++";
				CLANG_ENABLE_OBJC_ARC = YES;
				CLANG_WARN_CONSTANT_CONVERSION = YES;
				CLANG_WARN_EMPTY_BODY = YES;
				CLANG_WARN_ENUM_CONVERSION = YES;
				CLANG_WARN_INT_CONVERSION = YES;
				CLANG_WARN__DUPLICATE_METHOD_MATCH = YES;
				"CODE_SIGN_IDENTITY[sdk=iphoneos*]" = "iPhone Developer";
				COPY_PHASE_STRIP = YES;
				GCC_C_LANGUAGE_STANDARD = gnu99;
				GCC_WARN_ABOUT_RETURN_TYPE = YES;
				GCC_WARN_UNINITIALIZED_AUTOS = YES;
				GCC_WARN_UNUSED_VARIABLE = YES;
				IPHONEOS_DEPLOYMENT_TARGET = 6.1;
				OTHER_CFLAGS = "-DNS_BLOCK_ASSERTIONS=1";
				SDKROOT = iphoneos;
				VALIDATE_PRODUCT = YES;
			};
			name = Release;
		};
		222077311703299800C1FEDD /* Debug */ = {
			isa = XCBuildConfiguration;
			baseConfigurationReference = FA20BA16FCB24978A6E8AC25 /* Pods.xcconfig */;
			buildSettings = {
				CLANG_WARN_OBJC_EXPLICIT_OWNERSHIP_TYPE = YES;
				CLANG_WARN_OBJC_IMPLICIT_RETAIN_SELF = YES;
				CLANG_WARN_OBJC_REPEATED_USE_OF_WEAK = YES;
				GCC_PRECOMPILE_PREFIX_HEADER = YES;
				GCC_PREFIX_HEADER = "SHOmniAuthTwitterExample/SHOmniAuthTwitterExample-Prefix.pch";
				INFOPLIST_FILE = "SHOmniAuthTwitterExample/SHOmniAuthTwitterExample-Info.plist";
				PRODUCT_NAME = "$(TARGET_NAME)";
				WRAPPER_EXTENSION = app;
			};
			name = Debug;
		};
		222077321703299800C1FEDD /* Release */ = {
			isa = XCBuildConfiguration;
			baseConfigurationReference = FA20BA16FCB24978A6E8AC25 /* Pods.xcconfig */;
			buildSettings = {
				CLANG_WARN_OBJC_EXPLICIT_OWNERSHIP_TYPE = YES;
				CLANG_WARN_OBJC_IMPLICIT_RETAIN_SELF = YES;
				CLANG_WARN_OBJC_REPEATED_USE_OF_WEAK = YES;
				GCC_PRECOMPILE_PREFIX_HEADER = YES;
				GCC_PREFIX_HEADER = "SHOmniAuthTwitterExample/SHOmniAuthTwitterExample-Prefix.pch";
				INFOPLIST_FILE = "SHOmniAuthTwitterExample/SHOmniAuthTwitterExample-Info.plist";
				PRODUCT_NAME = "$(TARGET_NAME)";
				WRAPPER_EXTENSION = app;
			};
			name = Release;
		};
/* End XCBuildConfiguration section */

/* Begin XCConfigurationList section */
		222077081703299800C1FEDD /* Build configuration list for PBXProject "SHOmniAuthTwitterExample" */ = {
			isa = XCConfigurationList;
			buildConfigurations = (
				2220772E1703299800C1FEDD /* Debug */,
				2220772F1703299800C1FEDD /* Release */,
			);
			defaultConfigurationIsVisible = 0;
			defaultConfigurationName = Release;
		};
		222077301703299800C1FEDD /* Build configuration list for PBXNativeTarget "SHOmniAuthTwitterExample" */ = {
			isa = XCConfigurationList;
			buildConfigurations = (
				222077311703299800C1FEDD /* Debug */,
				222077321703299800C1FEDD /* Release */,
			);
			defaultConfigurationIsVisible = 0;
			defaultConfigurationName = Release;
		};
/* End XCConfigurationList section */
	};
	rootObject = 222077051703299800C1FEDD /* Project object */;
}
