
PODS:
- AFNetworking (1.2.0)
- AFOAuth1Client (0.1.1):
  - AFNetworking (>= 0.9)
- BlocksKit (1.8.1):
  - libffi
- LUKeychainAccess (1.0.1)
- NSData+Base64 (1.0.0)
- OAuthCore (0.0.1):
  - NSData+Base64
- SHOmniAuth (0.0.1):
  - LUKeychainAccess
- SHOmniAuthTwitter (0.0.1):
  - AFOAuth1Client
  - SHOmniAuth (from `https://github.com/seivan/SHOmniAuth.git', tag `0.0.1')
  - TWReverseAuth
- TWReverseAuth (0.1.0):
  - LUKeychainAccess (~> 1.0.1)
  - OAuthCore (~> 0.0.1)
- libffi (3.0.11)

DEPENDENCIES:
- BlocksKit
- SHOmniAuthTwitter (from `../')

EXTERNAL SOURCES:
  SHOmniAuthTwitter:
    :local: ../

SPEC CHECKSUMS:
  AFNetworking: 3cbae45f61a9f995cdbd56bd571223910d7f4e44
  AFOAuth1Client: 037044e341e897e0742920404f0c54ffd51dc776
  BlocksKit: 18102744fd7c44b54f1e54ce6ffe9258bcb5df81
  LUKeychainAccess: 6ba22b2e1eec24f9f2fc9c6a9087d5524a58b1a2
  NSData+Base64: 36c4e5b6479259c1a68866ccd2a8dd385c9744f7
  OAuthCore: 4164eec5e28c68f794953446e68f91054ffe570c
  SHOmniAuth: 23db2f01ea9961f6f957b62f3b18cb449e21a577
  SHOmniAuthTwitter: 206d8c5ed9b5ae868df2f48007fdb78b8e1681c8
  TWReverseAuth: d0e6e2d534377f1832c2553ff4e9d677d549e45a
  libffi: 8a1d9ba43c0c84b546b42c6f742714e73aa07ae1

COCOAPODS: 0.16.4
