PODS:
  - AFNetworking (1.3.3)
  - AFOAuth1Client (0.2.1):
    - AFNetworking (~> 1.3)
  - BlocksKit (1.8.3):
    - libffi
  - libffi (3.0.13)
  - LUKeychainAccess (1.0.2)
  - NSData+Base64 (1.0.0)
  - OAuthCore (0.0.1):
    - NSData+Base64
  - SHOmniAuth (0.2.1):
    - LUKeychainAccess
  - SHOmniAuthTwitter (0.2.10):
    - AFOAuth1Client (~> 0.2.0)
    - SHOmniAuth (~> 0.2.0)
    - TWReverseAuth (~> 0.1.0)
  - TWReverseAuth (0.1.0):
    - LUKeychainAccess (~> 1.0.1)
    - OAuthCore (~> 0.0.1)

DEPENDENCIES:
  - BlocksKit
  - SHOmniAuthTwitter (from `../`)

EXTERNAL SOURCES:
  SHOmniAuthTwitter:
    :path: ../

SPEC CHECKSUMS:
  AFNetworking: 0700ec7a58c36ad217173e167f6e4df7270df66b
  AFOAuth1Client: dcde161501da2c20e6822ee26ce2b4f73f04818d
  BlocksKit: 27257f9cbbec0ea98c80ba83cc2ea7111ae62eb2
  libffi: 64ef39353e747bb2b25e1026afd96a157bf9231c
  LUKeychainAccess: af9a432079198485eb0f76df71a6a1db87fe1c57
  NSData+Base64: 36c4e5b6479259c1a68866ccd2a8dd385c9744f7
  OAuthCore: 4164eec5e28c68f794953446e68f91054ffe570c
  SHOmniAuth: 88ba10d3e3f1c169c5a4242e859bc0103d33d7f2
  SHOmniAuthTwitter: 796fc3fb7c9839665e7dd938a3880b15ac771147
  TWReverseAuth: c0244d8d66ffdadf98137f86aaf649b3cbc97a76

COCOAPODS: 0.26.2
